{
  "name": "wedecent-desktop-frontend",
  "version": "0.1.0",
  "lockfileVersion": 3,
  "requires": true,
  "packages": {
    "": {
      "name": "wedecent-desktop-frontend",
      "version": "0.1.0",
      "dependencies": {
        "@xterm/xterm": "6.0.0"
      }
    },
    "node_modules/@xterm/xterm": {
      "version": "6.0.0",
      "license": "MIT"
    }
  }
}
